// !$*UTF8*$!
{
	archiveVersion = 1;
	classes = {
	};
	objectVersion = 50;
	objects = {

/* Begin PBXBuildFile section */
		FCE07D2620D3C7EE00AF3F85 /* AppDelegate.swift in Sources */ = {isa = PBXBuildFile; fileRef = FCE07D2520D3C7EE00AF3F85 /* AppDelegate.swift */; };
		FCE07D2820D3C7EE00AF3F85 /* ViewController.swift in Sources */ = {isa = PBXBuildFile; fileRef = FCE07D2720D3C7EE00AF3F85 /* ViewController.swift */; };
		FCE07D2B20D3C7EE00AF3F85 /* Main.storyboard in Resources */ = {isa = PBXBuildFile; fileRef = FCE07D2920D3C7EE00AF3F85 /* Main.storyboard */; };
		FCE07D2D20D3C7F000AF3F85 /* Assets.xcassets in Resources */ = {isa = PBXBuildFile; fileRef = FCE07D2C20D3C7F000AF3F85 /* Assets.xcassets */; };
		FCE07D3020D3C7F000AF3F85 /* LaunchScreen.storyboard in Resources */ = {isa = PBXBuildFile; fileRef = FCE07D2E20D3C7F000AF3F85 /* LaunchScreen.storyboard */; };
		FCE07D3B20D3C7F000AF3F85 /* exerciseTests.swift in Sources */ = {isa = PBXBuildFile; fileRef = FCE07D3A20D3C7F000AF3F85 /* exerciseTests.swift */; };
		FCE07D4620D3C7F000AF3F85 /* exerciseUITests.swift in Sources */ = {isa = PBXBuildFile; fileRef = FCE07D4520D3C7F000AF3F85 /* exerciseUITests.swift */; };
/* End PBXBuildFile section */

/* Begin PBXContainerItemProxy section */
		FCE07D3720D3C7F000AF3F85 /* PBXContainerItemProxy */ = {
			isa = PBXContainerItemProxy;
			containerPortal = FCE07D1A20D3C7EE00AF3F85 /* Project object */;
			proxyType = 1;
			remoteGlobalIDString = FCE07D2120D3C7EE00AF3F85;
			remoteInfo = exercise;
		};
		FCE07D4220D3C7F000AF3F85 /* PBXContainerItemProxy */ = {
			isa = PBXContainerItemProxy;
			containerPortal = FCE07D1A20D3C7EE00AF3F85 /* Project object */;
			proxyType = 1;
			remoteGlobalIDString = FCE07D2120D3C7EE00AF3F85;
			remoteInfo = exercise;
		};
/* End PBXContainerItemProxy section */

/* Begin PBXFileReference section */
		FCE07D2220D3C7EE00AF3F85 /* exercise.app */ = {isa = PBXFileReference; explicitFileType = wrapper.application; includeInIndex = 0; path = exercise.app; sourceTree = BUILT_PRODUCTS_DIR; };
		FCE07D2520D3C7EE00AF3F85 /* AppDelegate.swift */ = {isa = PBXFileReference; lastKnownFileType = sourcecode.swift; path = AppDelegate.swift; sourceTree = "<group>"; };
		FCE07D2720D3C7EE00AF3F85 /* ViewController.swift */ = {isa = PBXFileReference; lastKnownFileType = sourcecode.swift; path = ViewController.swift; sourceTree = "<group>"; };
		FCE07D2A20D3C7EE00AF3F85 /* Base */ = {isa = PBXFileReference; lastKnownFileType = file.storyboard; name = Base; path = Base.lproj/Main.storyboard; sourceTree = "<group>"; };
		FCE07D2C20D3C7F000AF3F85 /* Assets.xcassets */ = {isa = PBXFileReference; lastKnownFileType = folder.assetcatalog; path = Assets.xcassets; sourceTree = "<group>"; };
		FCE07D2F20D3C7F000AF3F85 /* Base */ = {isa = PBXFileReference; lastKnownFileType = file.storyboard; name = Base; path = Base.lproj/LaunchScreen.storyboard; sourceTree = "<group>"; };
		FCE07D3120D3C7F000AF3F85 /* Info.plist */ = {isa = PBXFileReference; lastKnownFileType = text.plist.xml; path = Info.plist; sourceTree = "<group>"; };
		FCE07D3620D3C7F000AF3F85 /* exerciseTests.xctest */ = {isa = PBXFileReference; explicitFileType = wrapper.cfbundle; includeInIndex = 0; path = exerciseTests.xctest; sourceTree = BUILT_PRODUCTS_DIR; };
		FCE07D3A20D3C7F000AF3F85 /* exerciseTests.swift */ = {isa = PBXFileReference; lastKnownFileType = sourcecode.swift; path = exerciseTests.swift; sourceTree = "<group>"; };
		FCE07D3C20D3C7F000AF3F85 /* Info.plist */ = {isa = PBXFileReference; lastKnownFileType = text.plist.xml; path = Info.plist; sourceTree = "<group>"; };
		FCE07D4120D3C7F000AF3F85 /* exerciseUITests.xctest */ = {isa = PBXFileReference; explicitFileType = wrapper.cfbundle; includeInIndex = 0; path = exerciseUITests.xctest; sourceTree = BUILT_PRODUCTS_DIR; };
		FCE07D4520D3C7F000AF3F85 /* exerciseUITests.swift */ = {isa = PBXFileReference; lastKnownFileType = sourcecode.swift; path = exerciseUITests.swift; sourceTree = "<group>"; };
		FCE07D4720D3C7F000AF3F85 /* Info.plist */ = {isa = PBXFileReference; lastKnownFileType = text.plist.xml; path = Info.plist; sourceTree = "<group>"; };
/* End PBXFileReference section */

/* Begin PBXFrameworksBuildPhase section */
		FCE07D1F20D3C7EE00AF3F85 /* Frameworks */ = {
			isa = PBXFrameworksBuildPhase;
			buildActionMask = 2147483647;
			files = (
			);
			runOnlyForDeploymentPostprocessing = 0;
		};
		FCE07D3320D3C7F000AF3F85 /* Frameworks */ = {
			isa = PBXFrameworksBuildPhase;
			buildActionMask = 2147483647;
			files = (
			);
			runOnlyForDeploymentPostprocessing = 0;
		};
		FCE07D3E20D3C7F000AF3F85 /* Frameworks */ = {
			isa = PBXFrameworksBuildPhase;
			buildActionMask = 2147483647;
			files = (
			);
			runOnlyForDeploymentPostprocessing = 0;
		};
/* End PBXFrameworksBuildPhase section */

/* Begin PBXGroup section */
		FCE07D1920D3C7EE00AF3F85 = {
			isa = PBXGroup;
			children = (
				FCE07D2420D3C7EE00AF3F85 /* exercise */,
				FCE07D3920D3C7F000AF3F85 /* exerciseTests */,
				FCE07D4420D3C7F000AF3F85 /* exerciseUITests */,
				FCE07D2320D3C7EE00AF3F85 /* Products */,
			);
			sourceTree = "<group>";
		};
		FCE07D2320D3C7EE00AF3F85 /* Products */ = {
			isa = PBXGroup;
			children = (
				FCE07D2220D3C7EE00AF3F85 /* exercise.app */,
				FCE07D3620D3C7F000AF3F85 /* exerciseTests.xctest */,
				FCE07D4120D3C7F000AF3F85 /* exerciseUITests.xctest */,
			);
			name = Products;
			sourceTree = "<group>";
		};
		FCE07D2420D3C7EE00AF3F85 /* exercise */ = {
			isa = PBXGroup;
			children = (
				FCE07D2520D3C7EE00AF3F85 /* AppDelegate.swift */,
				FCE07D2720D3C7EE00AF3F85 /* ViewController.swift */,
				FCE07D2920D3C7EE00AF3F85 /* Main.storyboard */,
				FCE07D2C20D3C7F000AF3F85 /* Assets.xcassets */,
				FCE07D2E20D3C7F000AF3F85 /* LaunchScreen.storyboard */,
				FCE07D3120D3C7F000AF3F85 /* Info.plist */,
			);
			path = exercise;
			sourceTree = "<group>";
		};
		FCE07D3920D3C7F000AF3F85 /* exerciseTests */ = {
			isa = PBXGroup;
			children = (
				FCE07D3A20D3C7F000AF3F85 /* exerciseTests.swift */,
				FCE07D3C20D3C7F000AF3F85 /* Info.plist */,
			);
			path = exerciseTests;
			sourceTree = "<group>";
		};
		FCE07D4420D3C7F000AF3F85 /* exerciseUITests */ = {
			isa = PBXGroup;
			children = (
				FCE07D4520D3C7F000AF3F85 /* exerciseUITests.swift */,
				FCE07D4720D3C7F000AF3F85 /* Info.plist */,
			);
			path = exerciseUITests;
			sourceTree = "<group>";
		};
/* End PBXGroup section */

/* Begin PBXNativeTarget section */
		FCE07D2120D3C7EE00AF3F85 /* exercise */ = {
			isa = PBXNativeTarget;
			buildConfigurationList = FCE07D4A20D3C7F000AF3F85 /* Build configuration list for PBXNativeTarget "exercise" */;
			buildPhases = (
				FCE07D1E20D3C7EE00AF3F85 /* Sources */,
				FCE07D1F20D3C7EE00AF3F85 /* Frameworks */,
				FCE07D2020D3C7EE00AF3F85 /* Resources */,
			);
			buildRules = (
			);
			dependencies = (
			);
			name = exercise;
			productName = exercise;
			productReference = FCE07D2220D3C7EE00AF3F85 /* exercise.app */;
			productType = "com.apple.product-type.application";
		};
		FCE07D3520D3C7F000AF3F85 /* exerciseTests */ = {
			isa = PBXNativeTarget;
			buildConfigurationList = FCE07D4D20D3C7F000AF3F85 /* Build configuration list for PBXNativeTarget "exerciseTests" */;
			buildPhases = (
				FCE07D3220D3C7F000AF3F85 /* Sources */,
				FCE07D3320D3C7F000AF3F85 /* Frameworks */,
				FCE07D3420D3C7F000AF3F85 /* Resources */,
			);
			buildRules = (
			);
			dependencies = (
				FCE07D3820D3C7F000AF3F85 /* PBXTargetDependency */,
			);
			name = exerciseTests;
			productName = exerciseTests;
			productReference = FCE07D3620D3C7F000AF3F85 /* exerciseTests.xctest */;
			productType = "com.apple.product-type.bundle.unit-test";
		};
		FCE07D4020D3C7F000AF3F85 /* exerciseUITests */ = {
			isa = PBXNativeTarget;
			buildConfigurationList = FCE07D5020D3C7F000AF3F85 /* Build configuration list for PBXNativeTarget "exerciseUITests" */;
			buildPhases = (
				FCE07D3D20D3C7F000AF3F85 /* Sources */,
				FCE07D3E20D3C7F000AF3F85 /* Frameworks */,
				FCE07D3F20D3C7F000AF3F85 /* Resources */,
			);
			buildRules = (
			);
			dependencies = (
				FCE07D4320D3C7F000AF3F85 /* PBXTargetDependency */,
			);
			name = exerciseUITests;
			productName = exerciseUITests;
			productReference = FCE07D4120D3C7F000AF3F85 /* exerciseUITests.xctest */;
			productType = "com.apple.product-type.bundle.ui-testing";
		};
/* End PBXNativeTarget section */

/* Begin PBXProject section */
		FCE07D1A20D3C7EE00AF3F85 /* Project object */ = {
			isa = PBXProject;
			attributes = {
				LastSwiftUpdateCheck = 0930;
				LastUpgradeCheck = 0930;
				ORGANIZATIONNAME = yclxiao;
				TargetAttributes = {
					FCE07D2120D3C7EE00AF3F85 = {
						CreatedOnToolsVersion = 9.3;
					};
					FCE07D3520D3C7F000AF3F85 = {
						CreatedOnToolsVersion = 9.3;
						TestTargetID = FCE07D2120D3C7EE00AF3F85;
					};
					FCE07D4020D3C7F000AF3F85 = {
						CreatedOnToolsVersion = 9.3;
						TestTargetID = FCE07D2120D3C7EE00AF3F85;
					};
				};
			};
			buildConfigurationList = FCE07D1D20D3C7EE00AF3F85 /* Build configuration list for PBXProject "exercise" */;
			compatibilityVersion = "Xcode 9.3";
			developmentRegion = en;
			hasScannedForEncodings = 0;
			knownRegions = (
				en,
				Base,
			);
			mainGroup = FCE07D1920D3C7EE00AF3F85;
			productRefGroup = FCE07D2320D3C7EE00AF3F85 /* Products */;
			projectDirPath = "";
			projectRoot = "";
			targets = (
				FCE07D2120D3C7EE00AF3F85 /* exercise */,
				FCE07D3520D3C7F000AF3F85 /* exerciseTests */,
				FCE07D4020D3C7F000AF3F85 /* exerciseUITests */,
			);
		};
/* End PBXProject section */

/* Begin PBXResourcesBuildPhase section */
		FCE07D2020D3C7EE00AF3F85 /* Resources */ = {
			isa = PBXResourcesBuildPhase;
			buildActionMask = 2147483647;
			files = (
				FCE07D3020D3C7F000AF3F85 /* LaunchScreen.storyboard in Resources */,
				FCE07D2D20D3C7F000AF3F85 /* Assets.xcassets in Resources */,
				FCE07D2B20D3C7EE00AF3F85 /* Main.storyboard in Resources */,
			);
			runOnlyForDeploymentPostprocessing = 0;
		};
		FCE07D3420D3C7F000AF3F85 /* Resources */ = {
			isa = PBXResourcesBuildPhase;
			buildActionMask = 2147483647;
			files = (
			);
			runOnlyForDeploymentPostprocessing = 0;
		};
		FCE07D3F20D3C7F000AF3F85 /* Resources */ = {
			isa = PBXResourcesBuildPhase;
			buildActionMask = 2147483647;
			files = (
			);
			runOnlyForDeploymentPostprocessing = 0;
		};
/* End PBXResourcesBuildPhase section */

/* Begin PBXSourcesBuildPhase section */
		FCE07D1E20D3C7EE00AF3F85 /* Sources */ = {
			isa = PBXSourcesBuildPhase;
			buildActionMask = 2147483647;
			files = (
				FCE07D2820D3C7EE00AF3F85 /* ViewController.swift in Sources */,
				FCE07D2620D3C7EE00AF3F85 /* AppDelegate.swift in Sources */,
			);
			runOnlyForDeploymentPostprocessing = 0;
		};
		FCE07D3220D3C7F000AF3F85 /* Sources */ = {
			isa = PBXSourcesBuildPhase;
			buildActionMask = 2147483647;
			files = (
				FCE07D3B20D3C7F000AF3F85 /* exerciseTests.swift in Sources */,
			);
			runOnlyForDeploymentPostprocessing = 0;
		};
		FCE07D3D20D3C7F000AF3F85 /* Sources */ = {
			isa = PBXSourcesBuildPhase;
			buildActionMask = 2147483647;
			files = (
				FCE07D4620D3C7F000AF3F85 /* exerciseUITests.swift in Sources */,
			);
			runOnlyForDeploymentPostprocessing = 0;
		};
/* End PBXSourcesBuildPhase section */

/* Begin PBXTargetDependency section */
		FCE07D3820D3C7F000AF3F85 /* PBXTargetDependency */ = {
			isa = PBXTargetDependency;
			target = FCE07D2120D3C7EE00AF3F85 /* exercise */;
			targetProxy = FCE07D3720D3C7F000AF3F85 /* PBXContainerItemProxy */;
		};
		FCE07D4320D3C7F000AF3F85 /* PBXTargetDependency */ = {
			isa = PBXTargetDependency;
			target = FCE07D2120D3C7EE00AF3F85 /* exercise */;
			targetProxy = FCE07D4220D3C7F000AF3F85 /* PBXContainerItemProxy */;
		};
/* End PBXTargetDependency section */

/* Begin PBXVariantGroup section */
		FCE07D2920D3C7EE00AF3F85 /* Main.storyboard */ = {
			isa = PBXVariantGroup;
			children = (
				FCE07D2A20D3C7EE00AF3F85 /* Base */,
			);
			name = Main.storyboard;
			sourceTree = "<group>";
		};
		FCE07D2E20D3C7F000AF3F85 /* LaunchScreen.storyboard */ = {
			isa = PBXVariantGroup;
			children = (
				FCE07D2F20D3C7F000AF3F85 /* Base */,
			);
			name = LaunchScreen.storyboard;
			sourceTree = "<group>";
		};
/* End PBXVariantGroup section */

/* Begin XCBuildConfiguration section */
		FCE07D4820D3C7F000AF3F85 /* Debug */ = {
			isa = XCBuildConfiguration;
			buildSettings = {
				ALWAYS_SEARCH_USER_PATHS = NO;
				CLANG_ANALYZER_NONNULL = YES;
				CLANG_ANALYZER_NUMBER_OBJECT_CONVERSION = YES_AGGRESSIVE;
				CLANG_CXX_LANGUAGE_STANDARD = "gnu++14";
				CLANG_CXX_LIBRARY = "libc++";
				CLANG_ENABLE_MODULES = YES;
				CLANG_ENABLE_OBJC_ARC = YES;
				CLANG_ENABLE_OBJC_WEAK = YES;
				CLANG_WARN_BLOCK_CAPTURE_AUTORELEASING = YES;
				CLANG_WARN_BOOL_CONVERSION = YES;
				CLANG_WARN_COMMA = YES;
				CLANG_WARN_CONSTANT_CONVERSION = YES;
				CLANG_WARN_DEPRECATED_OBJC_IMPLEMENTATIONS = YES;
				CLANG_WARN_DIRECT_OBJC_ISA_USAGE = YES_ERROR;
				CLANG_WARN_DOCUMENTATION_COMMENTS = YES;
				CLANG_WARN_EMPTY_BODY = YES;
				CLANG_WARN_ENUM_CONVERSION = YES;
				CLANG_WARN_INFINITE_RECURSION = YES;
				CLANG_WARN_INT_CONVERSION = YES;
				CLANG_WARN_NON_LITERAL_NULL_CONVERSION = YES;
				CLANG_WARN_OBJC_IMPLICIT_RETAIN_SELF = YES;
				CLANG_WARN_OBJC_LITERAL_CONVERSION = YES;
				CLANG_WARN_OBJC_ROOT_CLASS = YES_ERROR;
				CLANG_WARN_RANGE_LOOP_ANALYSIS = YES;
				CLANG_WARN_STRICT_PROTOTYPES = YES;
				CLANG_WARN_SUSPICIOUS_MOVE = YES;
				CLANG_WARN_UNGUARDED_AVAILABILITY = YES_AGGRESSIVE;
				CLANG_WARN_UNREACHABLE_CODE = YES;
				CLANG_WARN__DUPLICATE_METHOD_MATCH = YES;
				CODE_SIGN_IDENTITY = "iPhone Developer";
				COPY_PHASE_STRIP = NO;
				DEBUG_INFORMATION_FORMAT = dwarf;
				ENABLE_STRICT_OBJC_MSGSEND = YES;
				ENABLE_TESTABILITY = YES;
				GCC_C_LANGUAGE_STANDARD = gnu11;
				GCC_DYNAMIC_NO_PIC = NO;
				GCC_NO_COMMON_BLOCKS = YES;
				GCC_OPTIMIZATION_LEVEL = 0;
				GCC_PREPROCESSOR_DEFINITIONS = (
					"DEBUG=1",
					"$(inherited)",
				);
				GCC_WARN_64_TO_32_BIT_CONVERSION = YES;
				GCC_WARN_ABOUT_RETURN_TYPE = YES_ERROR;
				GCC_WARN_UNDECLARED_SELECTOR = YES;
				GCC_WARN_UNINITIALIZED_AUTOS = YES_AGGRESSIVE;
				GCC_WARN_UNUSED_FUNCTION = YES;
				GCC_WARN_UNUSED_VARIABLE = YES;
				IPHONEOS_DEPLOYMENT_TARGET = 11.3;
				MTL_ENABLE_DEBUG_INFO = YES;
				ONLY_ACTIVE_ARCH = YES;
				SDKROOT = iphoneos;
				SWIFT_ACTIVE_COMPILATION_CONDITIONS = DEBUG;
				SWIFT_OPTIMIZATION_LEVEL = "-Onone";
			};
			name = Debug;
		};
		FCE07D4920D3C7F000AF3F85 /* Release */ = {
			isa = XCBuildConfiguration;
			buildSettings = {
				ALWAYS_SEARCH_USER_PATHS = NO;
				CLANG_ANALYZER_NONNULL = YES;
				CLANG_ANALYZER_NUMBER_OBJECT_CONVERSION = YES_AGGRESSIVE;
				CLANG_CXX_LANGUAGE_STANDARD = "gnu++14";
				CLANG_CXX_LIBRARY = "libc++";
				CLANG_ENABLE_MODULES = YES;
				CLANG_ENABLE_OBJC_ARC = YES;
				CLANG_ENABLE_OBJC_WEAK = YES;
				CLANG_WARN_BLOCK_CAPTURE_AUTORELEASING = YES;
				CLANG_WARN_BOOL_CONVERSION = YES;
				CLANG_WARN_COMMA = YES;
				CLANG_WARN_CONSTANT_CONVERSION = YES;
				CLANG_WARN_DEPRECATED_OBJC_IMPLEMENTATIONS = YES;
				CLANG_WARN_DIRECT_OBJC_ISA_USAGE = YES_ERROR;
				CLANG_WARN_DOCUMENTATION_COMMENTS = YES;
				CLANG_WARN_EMPTY_BODY = YES;
				CLANG_WARN_ENUM_CONVERSION = YES;
				CLANG_WARN_INFINITE_RECURSION = YES;
				CLANG_WARN_INT_CONVERSION = YES;
				CLANG_WARN_NON_LITERAL_NULL_CONVERSION = YES;
				CLANG_WARN_OBJC_IMPLICIT_RETAIN_SELF = YES;
				CLANG_WARN_OBJC_LITERAL_CONVERSION = YES;
				CLANG_WARN_OBJC_ROOT_CLASS = YES_ERROR;
				CLANG_WARN_RANGE_LOOP_ANALYSIS = YES;
				CLANG_WARN_STRICT_PROTOTYPES = YES;
				CLANG_WARN_SUSPICIOUS_MOVE = YES;
				CLANG_WARN_UNGUARDED_AVAILABILITY = YES_AGGRESSIVE;
				CLANG_WARN_UNREACHABLE_CODE = YES;
				CLANG_WARN__DUPLICATE_METHOD_MATCH = YES;
				CODE_SIGN_IDENTITY = "iPhone Developer";
				COPY_PHASE_STRIP = NO;
				DEBUG_INFORMATION_FORMAT = "dwarf-with-dsym";
				ENABLE_NS_ASSERTIONS = NO;
				ENABLE_STRICT_OBJC_MSGSEND = YES;
				GCC_C_LANGUAGE_STANDARD = gnu11;
				GCC_NO_COMMON_BLOCKS = YES;
				GCC_WARN_64_TO_32_BIT_CONVERSION = YES;
				GCC_WARN_ABOUT_RETURN_TYPE = YES_ERROR;
				GCC_WARN_UNDECLARED_SELECTOR = YES;
				GCC_WARN_UNINITIALIZED_AUTOS = YES_AGGRESSIVE;
				GCC_WARN_UNUSED_FUNCTION = YES;
				GCC_WARN_UNUSED_VARIABLE = YES;
				IPHONEOS_DEPLOYMENT_TARGET = 11.3;
				MTL_ENABLE_DEBUG_INFO = NO;
				SDKROOT = iphoneos;
				SWIFT_COMPILATION_MODE = wholemodule;
				SWIFT_OPTIMIZATION_LEVEL = "-O";
				VALIDATE_PRODUCT = YES;
			};
			name = Release;
		};
		FCE07D4B20D3C7F000AF3F85 /* Debug */ = {
			isa = XCBuildConfiguration;
			buildSettings = {
				ASSETCATALOG_COMPILER_APPICON_NAME = AppIcon;
				CODE_SIGN_STYLE = Automatic;
				DEVELOPMENT_TEAM = 74PFUL8KG7;
				INFOPLIST_FILE = exercise/Info.plist;
				LD_RUNPATH_SEARCH_PATHS = (
					"$(inherited)",
					"@executable_path/Frameworks",
				);
				PRODUCT_BUNDLE_IDENTIFIER = com.yclxiao.exercise;
				PRODUCT_NAME = "$(TARGET_NAME)";
				SWIFT_VERSION = 4.0;
				TARGETED_DEVICE_FAMILY = "1,2";
			};
			name = Debug;
		};
		FCE07D4C20D3C7F000AF3F85 /* Release */ = {
			isa = XCBuildConfiguration;
			buildSettings = {
				ASSETCATALOG_COMPILER_APPICON_NAME = AppIcon;
				CODE_SIGN_STYLE = Automatic;
				DEVELOPMENT_TEAM = 74PFUL8KG7;
				INFOPLIST_FILE = exercise/Info.plist;
				LD_RUNPATH_SEARCH_PATHS = (
					"$(inherited)",
					"@executable_path/Frameworks",
				);
				PRODUCT_BUNDLE_IDENTIFIER = com.yclxiao.exercise;
				PRODUCT_NAME = "$(TARGET_NAME)";
				SWIFT_VERSION = 4.0;
				TARGETED_DEVICE_FAMILY = "1,2";
			};
			name = Release;
		};
		FCE07D4E20D3C7F000AF3F85 /* Debug */ = {
			isa = XCBuildConfiguration;
			buildSettings = {
				ALWAYS_EMBED_SWIFT_STANDARD_LIBRARIES = YES;
				BUNDLE_LOADER = "$(TEST_HOST)";
				CODE_SIGN_STYLE = Automatic;
				DEVELOPMENT_TEAM = 74PFUL8KG7;
				INFOPLIST_FILE = exerciseTests/Info.plist;
				LD_RUNPATH_SEARCH_PATHS = (
					"$(inherited)",
					"@executable_path/Frameworks",
					"@loader_path/Frameworks",
				);
				PRODUCT_BUNDLE_IDENTIFIER = com.yclxiao.exerciseTests;
				PRODUCT_NAME = "$(TARGET_NAME)";
				SWIFT_VERSION = 4.0;
				TARGETED_DEVICE_FAMILY = "1,2";
				TEST_HOST = "$(BUILT_PRODUCTS_DIR)/exercise.app/exercise";
			};
			name = Debug;
		};
		FCE07D4F20D3C7F000AF3F85 /* Release */ = {
			isa = XCBuildConfiguration;
			buildSettings = {
				ALWAYS_EMBED_SWIFT_STANDARD_LIBRARIES = YES;
				BUNDLE_LOADER = "$(TEST_HOST)";
				CODE_SIGN_STYLE = Automatic;
				DEVELOPMENT_TEAM = 74PFUL8KG7;
				INFOPLIST_FILE = exerciseTests/Info.plist;
				LD_RUNPATH_SEARCH_PATHS = (
					"$(inherited)",
					"@executable_path/Frameworks",
					"@loader_path/Frameworks",
				);
				PRODUCT_BUNDLE_IDENTIFIER = com.yclxiao.exerciseTests;
				PRODUCT_NAME = "$(TARGET_NAME)";
				SWIFT_VERSION = 4.0;
				TARGETED_DEVICE_FAMILY = "1,2";
				TEST_HOST = "$(BUILT_PRODUCTS_DIR)/exercise.app/exercise";
			};
			name = Release;
		};
		FCE07D5120D3C7F000AF3F85 /* Debug */ = {
			isa = XCBuildConfiguration;
			buildSettings = {
				ALWAYS_EMBED_SWIFT_STANDARD_LIBRARIES = YES;
				CODE_SIGN_STYLE = Automatic;
				DEVELOPMENT_TEAM = 74PFUL8KG7;
				INFOPLIST_FILE = exerciseUITests/Info.plist;
				LD_RUNPATH_SEARCH_PATHS = (
					"$(inherited)",
					"@executable_path/Frameworks",
					"@loader_path/Frameworks",
				);
				PRODUCT_BUNDLE_IDENTIFIER = com.yclxiao.exerciseUITests;
				PRODUCT_NAME = "$(TARGET_NAME)";
				SWIFT_VERSION = 4.0;
				TARGETED_DEVICE_FAMILY = "1,2";
				TEST_TARGET_NAME = exercise;
			};
			name = Debug;
		};
		FCE07D5220D3C7F000AF3F85 /* Release */ = {
			isa = XCBuildConfiguration;
			buildSettings = {
				ALWAYS_EMBED_SWIFT_STANDARD_LIBRARIES = YES;
				CODE_SIGN_STYLE = Automatic;
				DEVELOPMENT_TEAM = 74PFUL8KG7;
				INFOPLIST_FILE = exerciseUITests/Info.plist;
				LD_RUNPATH_SEARCH_PATHS = (
					"$(inherited)",
					"@executable_path/Frameworks",
					"@loader_path/Frameworks",
				);
				PRODUCT_BUNDLE_IDENTIFIER = com.yclxiao.exerciseUITests;
				PRODUCT_NAME = "$(TARGET_NAME)";
				SWIFT_VERSION = 4.0;
				TARGETED_DEVICE_FAMILY = "1,2";
				TEST_TARGET_NAME = exercise;
			};
			name = Release;
		};
/* End XCBuildConfiguration section */

/* Begin XCConfigurationList section */
		FCE07D1D20D3C7EE00AF3F85 /* Build configuration list for PBXProject "exercise" */ = {
			isa = XCConfigurationList;
			buildConfigurations = (
				FCE07D4820D3C7F000AF3F85 /* Debug */,
				FCE07D4920D3C7F000AF3F85 /* Release */,
			);
			defaultConfigurationIsVisible = 0;
			defaultConfigurationName = Release;
		};
		FCE07D4A20D3C7F000AF3F85 /* Build configuration list for PBXNativeTarget "exercise" */ = {
			isa = XCConfigurationList;
			buildConfigurations = (
				FCE07D4B20D3C7F000AF3F85 /* Debug */,
				FCE07D4C20D3C7F000AF3F85 /* Release */,
			);
			defaultConfigurationIsVisible = 0;
			defaultConfigurationName = Release;
		};
		FCE07D4D20D3C7F000AF3F85 /* Build configuration list for PBXNativeTarget "exerciseTests" */ = {
			isa = XCConfigurationList;
			buildConfigurations = (
				FCE07D4E20D3C7F000AF3F85 /* Debug */,
				FCE07D4F20D3C7F000AF3F85 /* Release */,
			);
			defaultConfigurationIsVisible = 0;
			defaultConfigurationName = Release;
		};
		FCE07D5020D3C7F000AF3F85 /* Build configuration list for PBXNativeTarget "exerciseUITests" */ = {
			isa = XCConfigurationList;
			buildConfigurations = (
				FCE07D5120D3C7F000AF3F85 /* Debug */,
				FCE07D5220D3C7F000AF3F85 /* Release */,
			);
			defaultConfigurationIsVisible = 0;
			defaultConfigurationName = Release;
		};
/* End XCConfigurationList section */
	};
	rootObject = FCE07D1A20D3C7EE00AF3F85 /* Project object */;
}
